<?xml version="1.0" encoding="utf-8"?>
<Project ToolsVersion="4.0" xmlns="http://schemas.microsoft.com/developer/msbuild/2003">
  <ItemGroup>
    <Filter Include="Source Files">
      <UniqueIdentifier>{b503679d-466d-45cd-9761-6c14da49df41}</UniqueIdentifier>
      <Extensions>cpp;c;cxx;rc;def;r;odl;idl;hpj;bat</Extensions>
    </Filter>
    <Filter Include="Header Files">
      <UniqueIdentifier>{5a49e79a-4de0-462b-a7ac-509e6d106b5d}</UniqueIdentifier>
      <Extensions>h;hpp;hxx;hm;inl</Extensions>
    </Filter>
  </ItemGroup>
  <ItemGroup>
    <ClCompile Include="chartables.c">
      <Filter>Source Files</Filter>
    </ClCompile>
    <ClCompile Include="pcre_compile.c">
      <Filter>Source Files</Filter>
    </ClCompile>
    <ClCompile Include="pcre_config.c">
      <Filter>Source Files</Filter>
    </ClCompile>
    <ClCompile Include="pcre_dfa_exec.c">
      <Filter>Source Files</Filter>
    </ClCompile>
    <ClCompile Include="pcre_exec.c">
      <Filter>Source Files</Filter>
    </ClCompile>
    <ClCompile Include="pcre_fullinfo.c">
      <Filter>Source Files</Filter>
    </ClCompile>
    <ClCompile Include="pcre_get.c">
      <Filter>Source Files</Filter>
    </ClCompile>
    <ClCompile Include="pcre_globals.c">
      <Filter>Source Files</Filter>
    </ClCompile>
    <ClCompile Include="pcre_info.c">
      <Filter>Source Files</Filter>
    </ClCompile>
    <ClCompile Include="pcre_maketables.c">
      <Filter>Source Files</Filter>
    </ClCompile>
    <ClCompile Include="pcre_ord2utf8.c">
      <Filter>Source Files</Filter>
    </ClCompile>
    <ClCompile Include="pcre_printint.c">
      <Filter>Source Files</Filter>
    </ClCompile>
    <ClCompile Include="pcre_refcount.c">
      <Filter>Source Files</Filter>
    </ClCompile>
    <ClCompile Include="pcre_study.c">
      <Filter>Source Files</Filter>
    </ClCompile>
    <ClCompile Include="pcre_tables.c">
      <Filter>Source Files</Filter>
    </ClCompile>
    <ClCompile Include="pcre_try_flipped.c">
      <Filter>Source Files</Filter>
    </ClCompile>
    <ClCompile Include="pcre_ucp_findchar.c">
      <Filter>Source Files</Filter>
    </ClCompile>
    <ClCompile Include="pcre_valid_utf8.c">
      <Filter>Source Files</Filter>
    </ClCompile>
    <ClCompile Include="pcre_version.c">
      <Filter>Source Files</Filter>
    </ClCompile>
    <ClCompile Include="pcre_xclass.c">
      <Filter>Source Files</Filter>
    </ClCompile>
  </ItemGroup>
  <ItemGroup>
    <ClInclude Include="config.h">
      <Filter>Header Files</Filter>
    </ClInclude>
    <ClInclude Include="pcre.h">
      <Filter>Header Files</Filter>
    </ClInclude>
    <ClInclude Include="pcre_internal.h">
      <Filter>Header Files</Filter>
    </ClInclude>
    <ClInclude Include="ucp.h">
      <Filter>Header Files</Filter>
    </ClInclude>
    <ClInclude Include="ucpinternal.h">
      <Filter>Header Files</Filter>
    </ClInclude>
  </ItemGroup>
</Project>