
Microsoft Visual Studio Solution File, Format Version 12.00
# Visual Studio Version 17
VisualStudioVersion = 17.1.32319.34
MinimumVisualStudioVersion = 10.0.40219.1
Project("{8BC9CEB8-8B4A-11D0-8D11-00A0C91BC942}") = "VcdCompare", "VcdCompare\VcdCompare.vcxproj", "{3B2D4C89-7B04-492F-ABA0-D23387B953F1}"
EndProject
Project("{8BC9CEB8-8B4A-11D0-8D11-00A0C91BC942}") = "ecc", "ecc\ecc.vcxproj", "{F398288F-478C-47B4-970B-AC8210423203}"
EndProject
Project("{8BC9CEB8-8B4A-11D0-8D11-00A0C91BC942}") = "layout", "layout\layout.vcxproj", "{AB8B59A8-DC70-4A94-B71C-CCAF856F9B36}"
EndProject
Project("{8BC9CEB8-8B4A-11D0-8D11-00A0C91BC942}") = "regex", "regex\regex.vcxproj", "{FD68C460-A3F7-4723-A637-74FCB4068252}"
EndProject
Project("{8BC9CEB8-8B4A-11D0-8D11-00A0C91BC942}") = "zip", "zip\zip.vcxproj", "{43621D65-64CB-4679-8D0B-1474295935C8}"
EndProject
Project("{8BC9CEB8-8B4A-11D0-8D11-00A0C91BC942}") = "zlib", "zlib\zlib.vcxproj", "{02CD850B-E94B-4F2A-98E1-344F4FA3BCD8}"
EndProject
Project("{8BC9CEB8-8B4A-11D0-8D11-00A0C91BC942}") = "Pi", "Pi\Pi.vcxproj", "{9C2A90DE-20AB-4290-A0BC-837BA75FC072}"
EndProject
Project("{8BC9CEB8-8B4A-11D0-8D11-00A0C91BC942}") = "bzlib", "bzlib\bzlib.vcxproj", "{1BB819B3-B1B7-4F91-A20A-D767B459B483}"
EndProject
Project("{8BC9CEB8-8B4A-11D0-8D11-00A0C91BC942}") = "sherlock", "sherlock\sherlock.vcxproj", "{198A2F3A-947F-4F0E-94E4-2E4B2CBC6BA5}"
EndProject
Project("{8BC9CEB8-8B4A-11D0-8D11-00A0C91BC942}") = "junk", "junk\junk.vcxproj", "{D8283411-6095-4D61-9DD5-CC50AD9D32EE}"
EndProject
Project("{8BC9CEB8-8B4A-11D0-8D11-00A0C91BC942}") = "float", "float\float.vcxproj", "{316A223C-7210-48EF-930B-738BF5903695}"
EndProject
Project("{8BC9CEB8-8B4A-11D0-8D11-00A0C91BC942}") = "deep", "deep\deep.vcxproj", "{A30C8EBE-4589-4053-92FD-E4B39A676BD0}"
EndProject
Project("{8BC9CEB8-8B4A-11D0-8D11-00A0C91BC942}") = "miner", "miner\miner.vcxproj", "{1E81B89F-705F-4DF5-95E0-DEE9DC961924}"
EndProject
Project("{2150E333-8FDC-42A3-9474-1A3956D46DE8}") = "Solution Items", "Solution Items", "{6CF5D5FC-BF69-441E-A24E-A9DE125C404D}"
	ProjectSection(SolutionItems) = preProject
		.editorconfig = .editorconfig
	EndProjectSection
EndProject
Project("{8BC9CEB8-8B4A-11D0-8D11-00A0C91BC942}") = "libusb-1.0 (static)", "libusb\libusb_static_2019.vcxproj", "{349EE8F9-7D25-4909-AAF5-FF3FADE72187}"
EndProject
Project("{8BC9CEB8-8B4A-11D0-8D11-00A0C91BC942}") = "Aura_misc", "Aura_misc\Aura_misc.vcxproj", "{38AFA18C-D1B3-4F68-A0B8-E0C8B7B1A7AC}"
EndProject
Project("{8BC9CEB8-8B4A-11D0-8D11-00A0C91BC942}") = "treasure", "treasure\treasure.vcxproj", "{C6B31F59-BC55-4BC3-A46F-D535E18E1558}"
EndProject
Project("{8BC9CEB8-8B4A-11D0-8D11-00A0C91BC942}") = "extract", "extract\extract.vcxproj", "{9E9D209C-A7E7-459A-AE55-FF11419F8E3E}"
EndProject
Project("{8BC9CEB8-8B4A-11D0-8D11-00A0C91BC942}") = "jewel", "jewel\jewel.vcxproj", "{A251AD68-172F-4CF6-B453-DC7C91C6581A}"
EndProject
Global
	GlobalSection(SolutionConfigurationPlatforms) = preSolution
		Debug|ARM = Debug|ARM
		Debug|ARM64 = Debug|ARM64
		Debug|Win32 = Debug|Win32
		Debug|x64 = Debug|x64
		Release|ARM = Release|ARM
		Release|ARM64 = Release|ARM64
		Release|Win32 = Release|Win32
		Release|x64 = Release|x64
	EndGlobalSection
	GlobalSection(ProjectConfigurationPlatforms) = postSolution
		{3B2D4C89-7B04-492F-ABA0-D23387B953F1}.Debug|ARM.ActiveCfg = Debug|x64
		{3B2D4C89-7B04-492F-ABA0-D23387B953F1}.Debug|ARM.Build.0 = Debug|x64
		{3B2D4C89-7B04-492F-ABA0-D23387B953F1}.Debug|ARM64.ActiveCfg = Debug|x64
		{3B2D4C89-7B04-492F-ABA0-D23387B953F1}.Debug|ARM64.Build.0 = Debug|x64
		{3B2D4C89-7B04-492F-ABA0-D23387B953F1}.Debug|Win32.ActiveCfg = Debug|Win32
		{3B2D4C89-7B04-492F-ABA0-D23387B953F1}.Debug|Win32.Build.0 = Debug|Win32
		{3B2D4C89-7B04-492F-ABA0-D23387B953F1}.Debug|x64.ActiveCfg = Debug|x64
		{3B2D4C89-7B04-492F-ABA0-D23387B953F1}.Debug|x64.Build.0 = Debug|x64
		{3B2D4C89-7B04-492F-ABA0-D23387B953F1}.Release|ARM.ActiveCfg = Release|x64
		{3B2D4C89-7B04-492F-ABA0-D23387B953F1}.Release|ARM.Build.0 = Release|x64
		{3B2D4C89-7B04-492F-ABA0-D23387B953F1}.Release|ARM64.ActiveCfg = Release|x64
		{3B2D4C89-7B04-492F-ABA0-D23387B953F1}.Release|ARM64.Build.0 = Release|x64
		{3B2D4C89-7B04-492F-ABA0-D23387B953F1}.Release|Win32.ActiveCfg = Release|Win32
		{3B2D4C89-7B04-492F-ABA0-D23387B953F1}.Release|Win32.Build.0 = Release|Win32
		{3B2D4C89-7B04-492F-ABA0-D23387B953F1}.Release|x64.ActiveCfg = Release|x64
		{3B2D4C89-7B04-492F-ABA0-D23387B953F1}.Release|x64.Build.0 = Release|x64
		{F398288F-478C-47B4-970B-AC8210423203}.Debug|ARM.ActiveCfg = Debug|x64
		{F398288F-478C-47B4-970B-AC8210423203}.Debug|ARM.Build.0 = Debug|x64
		{F398288F-478C-47B4-970B-AC8210423203}.Debug|ARM64.ActiveCfg = Debug|x64
		{F398288F-478C-47B4-970B-AC8210423203}.Debug|ARM64.Build.0 = Debug|x64
		{F398288F-478C-47B4-970B-AC8210423203}.Debug|Win32.ActiveCfg = Debug|Win32
		{F398288F-478C-47B4-970B-AC8210423203}.Debug|Win32.Build.0 = Debug|Win32
		{F398288F-478C-47B4-970B-AC8210423203}.Debug|x64.ActiveCfg = Debug|x64
		{F398288F-478C-47B4-970B-AC8210423203}.Debug|x64.Build.0 = Debug|x64
		{F398288F-478C-47B4-970B-AC8210423203}.Release|ARM.ActiveCfg = Release|x64
		{F398288F-478C-47B4-970B-AC8210423203}.Release|ARM.Build.0 = Release|x64
		{F398288F-478C-47B4-970B-AC8210423203}.Release|ARM64.ActiveCfg = Release|x64
		{F398288F-478C-47B4-970B-AC8210423203}.Release|ARM64.Build.0 = Release|x64
		{F398288F-478C-47B4-970B-AC8210423203}.Release|Win32.ActiveCfg = Release|Win32
		{F398288F-478C-47B4-970B-AC8210423203}.Release|Win32.Build.0 = Release|Win32
		{F398288F-478C-47B4-970B-AC8210423203}.Release|x64.ActiveCfg = Release|x64
		{F398288F-478C-47B4-970B-AC8210423203}.Release|x64.Build.0 = Release|x64
		{AB8B59A8-DC70-4A94-B71C-CCAF856F9B36}.Debug|ARM.ActiveCfg = Debug|x64
		{AB8B59A8-DC70-4A94-B71C-CCAF856F9B36}.Debug|ARM.Build.0 = Debug|x64
		{AB8B59A8-DC70-4A94-B71C-CCAF856F9B36}.Debug|ARM64.ActiveCfg = Debug|x64
		{AB8B59A8-DC70-4A94-B71C-CCAF856F9B36}.Debug|ARM64.Build.0 = Debug|x64
		{AB8B59A8-DC70-4A94-B71C-CCAF856F9B36}.Debug|Win32.ActiveCfg = Debug|Win32
		{AB8B59A8-DC70-4A94-B71C-CCAF856F9B36}.Debug|Win32.Build.0 = Debug|Win32
		{AB8B59A8-DC70-4A94-B71C-CCAF856F9B36}.Debug|x64.ActiveCfg = Debug|x64
		{AB8B59A8-DC70-4A94-B71C-CCAF856F9B36}.Debug|x64.Build.0 = Debug|x64
		{AB8B59A8-DC70-4A94-B71C-CCAF856F9B36}.Release|ARM.ActiveCfg = Release|x64
		{AB8B59A8-DC70-4A94-B71C-CCAF856F9B36}.Release|ARM.Build.0 = Release|x64
		{AB8B59A8-DC70-4A94-B71C-CCAF856F9B36}.Release|ARM64.ActiveCfg = Release|x64
		{AB8B59A8-DC70-4A94-B71C-CCAF856F9B36}.Release|ARM64.Build.0 = Release|x64
		{AB8B59A8-DC70-4A94-B71C-CCAF856F9B36}.Release|Win32.ActiveCfg = Release|Win32
		{AB8B59A8-DC70-4A94-B71C-CCAF856F9B36}.Release|Win32.Build.0 = Release|Win32
		{AB8B59A8-DC70-4A94-B71C-CCAF856F9B36}.Release|x64.ActiveCfg = Release|x64
		{AB8B59A8-DC70-4A94-B71C-CCAF856F9B36}.Release|x64.Build.0 = Release|x64
		{FD68C460-A3F7-4723-A637-74FCB4068252}.Debug|ARM.ActiveCfg = Debug|x64
		{FD68C460-A3F7-4723-A637-74FCB4068252}.Debug|ARM.Build.0 = Debug|x64
		{FD68C460-A3F7-4723-A637-74FCB4068252}.Debug|ARM64.ActiveCfg = Debug|x64
		{FD68C460-A3F7-4723-A637-74FCB4068252}.Debug|ARM64.Build.0 = Debug|x64
		{FD68C460-A3F7-4723-A637-74FCB4068252}.Debug|Win32.ActiveCfg = Debug|Win32
		{FD68C460-A3F7-4723-A637-74FCB4068252}.Debug|Win32.Build.0 = Debug|Win32
		{FD68C460-A3F7-4723-A637-74FCB4068252}.Debug|x64.ActiveCfg = Debug|x64
		{FD68C460-A3F7-4723-A637-74FCB4068252}.Debug|x64.Build.0 = Debug|x64
		{FD68C460-A3F7-4723-A637-74FCB4068252}.Release|ARM.ActiveCfg = Release|x64
		{FD68C460-A3F7-4723-A637-74FCB4068252}.Release|ARM.Build.0 = Release|x64
		{FD68C460-A3F7-4723-A637-74FCB4068252}.Release|ARM64.ActiveCfg = Release|x64
		{FD68C460-A3F7-4723-A637-74FCB4068252}.Release|ARM64.Build.0 = Release|x64
		{FD68C460-A3F7-4723-A637-74FCB4068252}.Release|Win32.ActiveCfg = Release|Win32
		{FD68C460-A3F7-4723-A637-74FCB4068252}.Release|Win32.Build.0 = Release|Win32
		{FD68C460-A3F7-4723-A637-74FCB4068252}.Release|x64.ActiveCfg = Release|x64
		{FD68C460-A3F7-4723-A637-74FCB4068252}.Release|x64.Build.0 = Release|x64
		{43621D65-64CB-4679-8D0B-1474295935C8}.Debug|ARM.ActiveCfg = Debug|x64
		{43621D65-64CB-4679-8D0B-1474295935C8}.Debug|ARM.Build.0 = Debug|x64
		{43621D65-64CB-4679-8D0B-1474295935C8}.Debug|ARM64.ActiveCfg = Debug|x64
		{43621D65-64CB-4679-8D0B-1474295935C8}.Debug|ARM64.Build.0 = Debug|x64
		{43621D65-64CB-4679-8D0B-1474295935C8}.Debug|Win32.ActiveCfg = Debug|Win32
		{43621D65-64CB-4679-8D0B-1474295935C8}.Debug|Win32.Build.0 = Debug|Win32
		{43621D65-64CB-4679-8D0B-1474295935C8}.Debug|x64.ActiveCfg = Debug|x64
		{43621D65-64CB-4679-8D0B-1474295935C8}.Debug|x64.Build.0 = Debug|x64
		{43621D65-64CB-4679-8D0B-1474295935C8}.Release|ARM.ActiveCfg = Release|x64
		{43621D65-64CB-4679-8D0B-1474295935C8}.Release|ARM.Build.0 = Release|x64
		{43621D65-64CB-4679-8D0B-1474295935C8}.Release|ARM64.ActiveCfg = Release|x64
		{43621D65-64CB-4679-8D0B-1474295935C8}.Release|ARM64.Build.0 = Release|x64
		{43621D65-64CB-4679-8D0B-1474295935C8}.Release|Win32.ActiveCfg = Release|Win32
		{43621D65-64CB-4679-8D0B-1474295935C8}.Release|Win32.Build.0 = Release|Win32
		{43621D65-64CB-4679-8D0B-1474295935C8}.Release|x64.ActiveCfg = Release|x64
		{43621D65-64CB-4679-8D0B-1474295935C8}.Release|x64.Build.0 = Release|x64
		{02CD850B-E94B-4F2A-98E1-344F4FA3BCD8}.Debug|ARM.ActiveCfg = Debug|x64
		{02CD850B-E94B-4F2A-98E1-344F4FA3BCD8}.Debug|ARM.Build.0 = Debug|x64
		{02CD850B-E94B-4F2A-98E1-344F4FA3BCD8}.Debug|ARM64.ActiveCfg = Debug|x64
		{02CD850B-E94B-4F2A-98E1-344F4FA3BCD8}.Debug|ARM64.Build.0 = Debug|x64
		{02CD850B-E94B-4F2A-98E1-344F4FA3BCD8}.Debug|Win32.ActiveCfg = Debug|Win32
		{02CD850B-E94B-4F2A-98E1-344F4FA3BCD8}.Debug|Win32.Build.0 = Debug|Win32
		{02CD850B-E94B-4F2A-98E1-344F4FA3BCD8}.Debug|x64.ActiveCfg = Debug|x64
		{02CD850B-E94B-4F2A-98E1-344F4FA3BCD8}.Debug|x64.Build.0 = Debug|x64
		{02CD850B-E94B-4F2A-98E1-344F4FA3BCD8}.Release|ARM.ActiveCfg = Release|x64
		{02CD850B-E94B-4F2A-98E1-344F4FA3BCD8}.Release|ARM.Build.0 = Release|x64
		{02CD850B-E94B-4F2A-98E1-344F4FA3BCD8}.Release|ARM64.ActiveCfg = Release|x64
		{02CD850B-E94B-4F2A-98E1-344F4FA3BCD8}.Release|ARM64.Build.0 = Release|x64
		{02CD850B-E94B-4F2A-98E1-344F4FA3BCD8}.Release|Win32.ActiveCfg = Release|Win32
		{02CD850B-E94B-4F2A-98E1-344F4FA3BCD8}.Release|Win32.Build.0 = Release|Win32
		{02CD850B-E94B-4F2A-98E1-344F4FA3BCD8}.Release|x64.ActiveCfg = Release|x64
		{02CD850B-E94B-4F2A-98E1-344F4FA3BCD8}.Release|x64.Build.0 = Release|x64
		{9C2A90DE-20AB-4290-A0BC-837BA75FC072}.Debug|ARM.ActiveCfg = Debug|Win32
		{9C2A90DE-20AB-4290-A0BC-837BA75FC072}.Debug|ARM.Build.0 = Debug|Win32
		{9C2A90DE-20AB-4290-A0BC-837BA75FC072}.Debug|ARM64.ActiveCfg = Debug|Win32
		{9C2A90DE-20AB-4290-A0BC-837BA75FC072}.Debug|ARM64.Build.0 = Debug|Win32
		{9C2A90DE-20AB-4290-A0BC-837BA75FC072}.Debug|Win32.ActiveCfg = Debug|Win32
		{9C2A90DE-20AB-4290-A0BC-837BA75FC072}.Debug|Win32.Build.0 = Debug|Win32
		{9C2A90DE-20AB-4290-A0BC-837BA75FC072}.Debug|x64.ActiveCfg = Debug|Win32
		{9C2A90DE-20AB-4290-A0BC-837BA75FC072}.Release|ARM.ActiveCfg = Release|Win32
		{9C2A90DE-20AB-4290-A0BC-837BA75FC072}.Release|ARM.Build.0 = Release|Win32
		{9C2A90DE-20AB-4290-A0BC-837BA75FC072}.Release|ARM64.ActiveCfg = Release|Win32
		{9C2A90DE-20AB-4290-A0BC-837BA75FC072}.Release|ARM64.Build.0 = Release|Win32
		{9C2A90DE-20AB-4290-A0BC-837BA75FC072}.Release|Win32.ActiveCfg = Release|Win32
		{9C2A90DE-20AB-4290-A0BC-837BA75FC072}.Release|Win32.Build.0 = Release|Win32
		{9C2A90DE-20AB-4290-A0BC-837BA75FC072}.Release|x64.ActiveCfg = Release|Win32
		{1BB819B3-B1B7-4F91-A20A-D767B459B483}.Debug|ARM.ActiveCfg = Debug|x64
		{1BB819B3-B1B7-4F91-A20A-D767B459B483}.Debug|ARM.Build.0 = Debug|x64
		{1BB819B3-B1B7-4F91-A20A-D767B459B483}.Debug|ARM64.ActiveCfg = Debug|x64
		{1BB819B3-B1B7-4F91-A20A-D767B459B483}.Debug|ARM64.Build.0 = Debug|x64
		{1BB819B3-B1B7-4F91-A20A-D767B459B483}.Debug|Win32.ActiveCfg = Debug|Win32
		{1BB819B3-B1B7-4F91-A20A-D767B459B483}.Debug|Win32.Build.0 = Debug|Win32
		{1BB819B3-B1B7-4F91-A20A-D767B459B483}.Debug|x64.ActiveCfg = Debug|Win32
		{1BB819B3-B1B7-4F91-A20A-D767B459B483}.Release|ARM.ActiveCfg = Release|x64
		{1BB819B3-B1B7-4F91-A20A-D767B459B483}.Release|ARM.Build.0 = Release|x64
		{1BB819B3-B1B7-4F91-A20A-D767B459B483}.Release|ARM64.ActiveCfg = Release|x64
		{1BB819B3-B1B7-4F91-A20A-D767B459B483}.Release|ARM64.Build.0 = Release|x64
		{1BB819B3-B1B7-4F91-A20A-D767B459B483}.Release|Win32.ActiveCfg = Release|Win32
		{1BB819B3-B1B7-4F91-A20A-D767B459B483}.Release|Win32.Build.0 = Release|Win32
		{1BB819B3-B1B7-4F91-A20A-D767B459B483}.Release|x64.ActiveCfg = Release|x64
		{1BB819B3-B1B7-4F91-A20A-D767B459B483}.Release|x64.Build.0 = Release|x64
		{198A2F3A-947F-4F0E-94E4-2E4B2CBC6BA5}.Debug|ARM.ActiveCfg = Debug|x64
		{198A2F3A-947F-4F0E-94E4-2E4B2CBC6BA5}.Debug|ARM.Build.0 = Debug|x64
		{198A2F3A-947F-4F0E-94E4-2E4B2CBC6BA5}.Debug|ARM64.ActiveCfg = Debug|x64
		{198A2F3A-947F-4F0E-94E4-2E4B2CBC6BA5}.Debug|ARM64.Build.0 = Debug|x64
		{198A2F3A-947F-4F0E-94E4-2E4B2CBC6BA5}.Debug|Win32.ActiveCfg = Debug|Win32
		{198A2F3A-947F-4F0E-94E4-2E4B2CBC6BA5}.Debug|Win32.Build.0 = Debug|Win32
		{198A2F3A-947F-4F0E-94E4-2E4B2CBC6BA5}.Debug|x64.ActiveCfg = Debug|x64
		{198A2F3A-947F-4F0E-94E4-2E4B2CBC6BA5}.Debug|x64.Build.0 = Debug|x64
		{198A2F3A-947F-4F0E-94E4-2E4B2CBC6BA5}.Release|ARM.ActiveCfg = Release|x64
		{198A2F3A-947F-4F0E-94E4-2E4B2CBC6BA5}.Release|ARM.Build.0 = Release|x64
		{198A2F3A-947F-4F0E-94E4-2E4B2CBC6BA5}.Release|ARM64.ActiveCfg = Release|x64
		{198A2F3A-947F-4F0E-94E4-2E4B2CBC6BA5}.Release|ARM64.Build.0 = Release|x64
		{198A2F3A-947F-4F0E-94E4-2E4B2CBC6BA5}.Release|Win32.ActiveCfg = Release|Win32
		{198A2F3A-947F-4F0E-94E4-2E4B2CBC6BA5}.Release|Win32.Build.0 = Release|Win32
		{198A2F3A-947F-4F0E-94E4-2E4B2CBC6BA5}.Release|x64.ActiveCfg = Release|x64
		{198A2F3A-947F-4F0E-94E4-2E4B2CBC6BA5}.Release|x64.Build.0 = Release|x64
		{D8283411-6095-4D61-9DD5-CC50AD9D32EE}.Debug|ARM.ActiveCfg = Debug|x64
		{D8283411-6095-4D61-9DD5-CC50AD9D32EE}.Debug|ARM.Build.0 = Debug|x64
		{D8283411-6095-4D61-9DD5-CC50AD9D32EE}.Debug|ARM64.ActiveCfg = Debug|x64
		{D8283411-6095-4D61-9DD5-CC50AD9D32EE}.Debug|ARM64.Build.0 = Debug|x64
		{D8283411-6095-4D61-9DD5-CC50AD9D32EE}.Debug|Win32.ActiveCfg = Debug|Win32
		{D8283411-6095-4D61-9DD5-CC50AD9D32EE}.Debug|Win32.Build.0 = Debug|Win32
		{D8283411-6095-4D61-9DD5-CC50AD9D32EE}.Debug|x64.ActiveCfg = Debug|x64
		{D8283411-6095-4D61-9DD5-CC50AD9D32EE}.Debug|x64.Build.0 = Debug|x64
		{D8283411-6095-4D61-9DD5-CC50AD9D32EE}.Release|ARM.ActiveCfg = Release|x64
		{D8283411-6095-4D61-9DD5-CC50AD9D32EE}.Release|ARM.Build.0 = Release|x64
		{D8283411-6095-4D61-9DD5-CC50AD9D32EE}.Release|ARM64.ActiveCfg = Release|x64
		{D8283411-6095-4D61-9DD5-CC50AD9D32EE}.Release|ARM64.Build.0 = Release|x64
		{D8283411-6095-4D61-9DD5-CC50AD9D32EE}.Release|Win32.ActiveCfg = Release|Win32
		{D8283411-6095-4D61-9DD5-CC50AD9D32EE}.Release|Win32.Build.0 = Release|Win32
		{D8283411-6095-4D61-9DD5-CC50AD9D32EE}.Release|x64.ActiveCfg = Release|x64
		{D8283411-6095-4D61-9DD5-CC50AD9D32EE}.Release|x64.Build.0 = Release|x64
		{316A223C-7210-48EF-930B-738BF5903695}.Debug|ARM.ActiveCfg = Debug|x64
		{316A223C-7210-48EF-930B-738BF5903695}.Debug|ARM.Build.0 = Debug|x64
		{316A223C-7210-48EF-930B-738BF5903695}.Debug|ARM64.ActiveCfg = Debug|x64
		{316A223C-7210-48EF-930B-738BF5903695}.Debug|ARM64.Build.0 = Debug|x64
		{316A223C-7210-48EF-930B-738BF5903695}.Debug|Win32.ActiveCfg = Debug|Win32
		{316A223C-7210-48EF-930B-738BF5903695}.Debug|Win32.Build.0 = Debug|Win32
		{316A223C-7210-48EF-930B-738BF5903695}.Debug|x64.ActiveCfg = Debug|x64
		{316A223C-7210-48EF-930B-738BF5903695}.Debug|x64.Build.0 = Debug|x64
		{316A223C-7210-48EF-930B-738BF5903695}.Release|ARM.ActiveCfg = Release|x64
		{316A223C-7210-48EF-930B-738BF5903695}.Release|ARM.Build.0 = Release|x64
		{316A223C-7210-48EF-930B-738BF5903695}.Release|ARM64.ActiveCfg = Release|x64
		{316A223C-7210-48EF-930B-738BF5903695}.Release|ARM64.Build.0 = Release|x64
		{316A223C-7210-48EF-930B-738BF5903695}.Release|Win32.ActiveCfg = Release|Win32
		{316A223C-7210-48EF-930B-738BF5903695}.Release|Win32.Build.0 = Release|Win32
		{316A223C-7210-48EF-930B-738BF5903695}.Release|x64.ActiveCfg = Release|x64
		{316A223C-7210-48EF-930B-738BF5903695}.Release|x64.Build.0 = Release|x64
		{A30C8EBE-4589-4053-92FD-E4B39A676BD0}.Debug|ARM.ActiveCfg = Debug|x64
		{A30C8EBE-4589-4053-92FD-E4B39A676BD0}.Debug|ARM.Build.0 = Debug|x64
		{A30C8EBE-4589-4053-92FD-E4B39A676BD0}.Debug|ARM64.ActiveCfg = Debug|x64
		{A30C8EBE-4589-4053-92FD-E4B39A676BD0}.Debug|ARM64.Build.0 = Debug|x64
		{A30C8EBE-4589-4053-92FD-E4B39A676BD0}.Debug|Win32.ActiveCfg = Debug|Win32
		{A30C8EBE-4589-4053-92FD-E4B39A676BD0}.Debug|Win32.Build.0 = Debug|Win32
		{A30C8EBE-4589-4053-92FD-E4B39A676BD0}.Debug|x64.ActiveCfg = Debug|x64
		{A30C8EBE-4589-4053-92FD-E4B39A676BD0}.Debug|x64.Build.0 = Debug|x64
		{A30C8EBE-4589-4053-92FD-E4B39A676BD0}.Release|ARM.ActiveCfg = Release|x64
		{A30C8EBE-4589-4053-92FD-E4B39A676BD0}.Release|ARM.Build.0 = Release|x64
		{A30C8EBE-4589-4053-92FD-E4B39A676BD0}.Release|ARM64.ActiveCfg = Release|x64
		{A30C8EBE-4589-4053-92FD-E4B39A676BD0}.Release|ARM64.Build.0 = Release|x64
		{A30C8EBE-4589-4053-92FD-E4B39A676BD0}.Release|Win32.ActiveCfg = Release|Win32
		{A30C8EBE-4589-4053-92FD-E4B39A676BD0}.Release|Win32.Build.0 = Release|Win32
		{A30C8EBE-4589-4053-92FD-E4B39A676BD0}.Release|x64.ActiveCfg = Release|x64
		{A30C8EBE-4589-4053-92FD-E4B39A676BD0}.Release|x64.Build.0 = Release|x64
		{1E81B89F-705F-4DF5-95E0-DEE9DC961924}.Debug|ARM.ActiveCfg = Debug|x64
		{1E81B89F-705F-4DF5-95E0-DEE9DC961924}.Debug|ARM.Build.0 = Debug|x64
		{1E81B89F-705F-4DF5-95E0-DEE9DC961924}.Debug|ARM64.ActiveCfg = Debug|x64
		{1E81B89F-705F-4DF5-95E0-DEE9DC961924}.Debug|ARM64.Build.0 = Debug|x64
		{1E81B89F-705F-4DF5-95E0-DEE9DC961924}.Debug|Win32.ActiveCfg = Debug|Win32
		{1E81B89F-705F-4DF5-95E0-DEE9DC961924}.Debug|Win32.Build.0 = Debug|Win32
		{1E81B89F-705F-4DF5-95E0-DEE9DC961924}.Debug|x64.ActiveCfg = Debug|x64
		{1E81B89F-705F-4DF5-95E0-DEE9DC961924}.Debug|x64.Build.0 = Debug|x64
		{1E81B89F-705F-4DF5-95E0-DEE9DC961924}.Release|ARM.ActiveCfg = Release|x64
		{1E81B89F-705F-4DF5-95E0-DEE9DC961924}.Release|ARM.Build.0 = Release|x64
		{1E81B89F-705F-4DF5-95E0-DEE9DC961924}.Release|ARM64.ActiveCfg = Release|x64
		{1E81B89F-705F-4DF5-95E0-DEE9DC961924}.Release|ARM64.Build.0 = Release|x64
		{1E81B89F-705F-4DF5-95E0-DEE9DC961924}.Release|Win32.ActiveCfg = Release|Win32
		{1E81B89F-705F-4DF5-95E0-DEE9DC961924}.Release|Win32.Build.0 = Release|Win32
		{1E81B89F-705F-4DF5-95E0-DEE9DC961924}.Release|x64.ActiveCfg = Release|x64
		{1E81B89F-705F-4DF5-95E0-DEE9DC961924}.Release|x64.Build.0 = Release|x64
		{349EE8F9-7D25-4909-AAF5-FF3FADE72187}.Debug|ARM.ActiveCfg = Debug|ARM
		{349EE8F9-7D25-4909-AAF5-FF3FADE72187}.Debug|ARM.Build.0 = Debug|ARM
		{349EE8F9-7D25-4909-AAF5-FF3FADE72187}.Debug|ARM64.ActiveCfg = Debug|ARM64
		{349EE8F9-7D25-4909-AAF5-FF3FADE72187}.Debug|ARM64.Build.0 = Debug|ARM64
		{349EE8F9-7D25-4909-AAF5-FF3FADE72187}.Debug|Win32.ActiveCfg = Debug|Win32
		{349EE8F9-7D25-4909-AAF5-FF3FADE72187}.Debug|Win32.Build.0 = Debug|Win32
		{349EE8F9-7D25-4909-AAF5-FF3FADE72187}.Debug|x64.ActiveCfg = Debug|x64
		{349EE8F9-7D25-4909-AAF5-FF3FADE72187}.Debug|x64.Build.0 = Debug|x64
		{349EE8F9-7D25-4909-AAF5-FF3FADE72187}.Release|ARM.ActiveCfg = Release|ARM
		{349EE8F9-7D25-4909-AAF5-FF3FADE72187}.Release|ARM.Build.0 = Release|ARM
		{349EE8F9-7D25-4909-AAF5-FF3FADE72187}.Release|ARM64.ActiveCfg = Release|ARM64
		{349EE8F9-7D25-4909-AAF5-FF3FADE72187}.Release|ARM64.Build.0 = Release|ARM64
		{349EE8F9-7D25-4909-AAF5-FF3FADE72187}.Release|Win32.ActiveCfg = Release|Win32
		{349EE8F9-7D25-4909-AAF5-FF3FADE72187}.Release|Win32.Build.0 = Release|Win32
		{349EE8F9-7D25-4909-AAF5-FF3FADE72187}.Release|x64.ActiveCfg = Release|x64
		{349EE8F9-7D25-4909-AAF5-FF3FADE72187}.Release|x64.Build.0 = Release|x64
		{38AFA18C-D1B3-4F68-A0B8-E0C8B7B1A7AC}.Debug|ARM.ActiveCfg = Debug|x64
		{38AFA18C-D1B3-4F68-A0B8-E0C8B7B1A7AC}.Debug|ARM.Build.0 = Debug|x64
		{38AFA18C-D1B3-4F68-A0B8-E0C8B7B1A7AC}.Debug|ARM64.ActiveCfg = Debug|x64
		{38AFA18C-D1B3-4F68-A0B8-E0C8B7B1A7AC}.Debug|ARM64.Build.0 = Debug|x64
		{38AFA18C-D1B3-4F68-A0B8-E0C8B7B1A7AC}.Debug|Win32.ActiveCfg = Debug|Win32
		{38AFA18C-D1B3-4F68-A0B8-E0C8B7B1A7AC}.Debug|Win32.Build.0 = Debug|Win32
		{38AFA18C-D1B3-4F68-A0B8-E0C8B7B1A7AC}.Debug|x64.ActiveCfg = Debug|x64
		{38AFA18C-D1B3-4F68-A0B8-E0C8B7B1A7AC}.Debug|x64.Build.0 = Debug|x64
		{38AFA18C-D1B3-4F68-A0B8-E0C8B7B1A7AC}.Release|ARM.ActiveCfg = Release|x64
		{38AFA18C-D1B3-4F68-A0B8-E0C8B7B1A7AC}.Release|ARM.Build.0 = Release|x64
		{38AFA18C-D1B3-4F68-A0B8-E0C8B7B1A7AC}.Release|ARM64.ActiveCfg = Release|x64
		{38AFA18C-D1B3-4F68-A0B8-E0C8B7B1A7AC}.Release|ARM64.Build.0 = Release|x64
		{38AFA18C-D1B3-4F68-A0B8-E0C8B7B1A7AC}.Release|Win32.ActiveCfg = Release|Win32
		{38AFA18C-D1B3-4F68-A0B8-E0C8B7B1A7AC}.Release|Win32.Build.0 = Release|Win32
		{38AFA18C-D1B3-4F68-A0B8-E0C8B7B1A7AC}.Release|x64.ActiveCfg = Release|x64
		{38AFA18C-D1B3-4F68-A0B8-E0C8B7B1A7AC}.Release|x64.Build.0 = Release|x64
		{C6B31F59-BC55-4BC3-A46F-D535E18E1558}.Debug|ARM.ActiveCfg = Debug|x64
		{C6B31F59-BC55-4BC3-A46F-D535E18E1558}.Debug|ARM.Build.0 = Debug|x64
		{C6B31F59-BC55-4BC3-A46F-D535E18E1558}.Debug|ARM64.ActiveCfg = Debug|x64
		{C6B31F59-BC55-4BC3-A46F-D535E18E1558}.Debug|ARM64.Build.0 = Debug|x64
		{C6B31F59-BC55-4BC3-A46F-D535E18E1558}.Debug|Win32.ActiveCfg = Debug|Win32
		{C6B31F59-BC55-4BC3-A46F-D535E18E1558}.Debug|Win32.Build.0 = Debug|Win32
		{C6B31F59-BC55-4BC3-A46F-D535E18E1558}.Debug|x64.ActiveCfg = Debug|x64
		{C6B31F59-BC55-4BC3-A46F-D535E18E1558}.Debug|x64.Build.0 = Debug|x64
		{C6B31F59-BC55-4BC3-A46F-D535E18E1558}.Release|ARM.ActiveCfg = Release|x64
		{C6B31F59-BC55-4BC3-A46F-D535E18E1558}.Release|ARM.Build.0 = Release|x64
		{C6B31F59-BC55-4BC3-A46F-D535E18E1558}.Release|ARM64.ActiveCfg = Release|x64
		{C6B31F59-BC55-4BC3-A46F-D535E18E1558}.Release|ARM64.Build.0 = Release|x64
		{C6B31F59-BC55-4BC3-A46F-D535E18E1558}.Release|Win32.ActiveCfg = Release|Win32
		{C6B31F59-BC55-4BC3-A46F-D535E18E1558}.Release|Win32.Build.0 = Release|Win32
		{C6B31F59-BC55-4BC3-A46F-D535E18E1558}.Release|x64.ActiveCfg = Release|x64
		{C6B31F59-BC55-4BC3-A46F-D535E18E1558}.Release|x64.Build.0 = Release|x64
		{9E9D209C-A7E7-459A-AE55-FF11419F8E3E}.Debug|ARM.ActiveCfg = Debug|x64
		{9E9D209C-A7E7-459A-AE55-FF11419F8E3E}.Debug|ARM.Build.0 = Debug|x64
		{9E9D209C-A7E7-459A-AE55-FF11419F8E3E}.Debug|ARM64.ActiveCfg = Debug|x64
		{9E9D209C-A7E7-459A-AE55-FF11419F8E3E}.Debug|ARM64.Build.0 = Debug|x64
		{9E9D209C-A7E7-459A-AE55-FF11419F8E3E}.Debug|Win32.ActiveCfg = Debug|Win32
		{9E9D209C-A7E7-459A-AE55-FF11419F8E3E}.Debug|Win32.Build.0 = Debug|Win32
		{9E9D209C-A7E7-459A-AE55-FF11419F8E3E}.Debug|x64.ActiveCfg = Debug|x64
		{9E9D209C-A7E7-459A-AE55-FF11419F8E3E}.Debug|x64.Build.0 = Debug|x64
		{9E9D209C-A7E7-459A-AE55-FF11419F8E3E}.Release|ARM.ActiveCfg = Release|x64
		{9E9D209C-A7E7-459A-AE55-FF11419F8E3E}.Release|ARM.Build.0 = Release|x64
		{9E9D209C-A7E7-459A-AE55-FF11419F8E3E}.Release|ARM64.ActiveCfg = Release|x64
		{9E9D209C-A7E7-459A-AE55-FF11419F8E3E}.Release|ARM64.Build.0 = Release|x64
		{9E9D209C-A7E7-459A-AE55-FF11419F8E3E}.Release|Win32.ActiveCfg = Release|Win32
		{9E9D209C-A7E7-459A-AE55-FF11419F8E3E}.Release|Win32.Build.0 = Release|Win32
		{9E9D209C-A7E7-459A-AE55-FF11419F8E3E}.Release|x64.ActiveCfg = Release|x64
		{9E9D209C-A7E7-459A-AE55-FF11419F8E3E}.Release|x64.Build.0 = Release|x64
		{A251AD68-172F-4CF6-B453-DC7C91C6581A}.Debug|ARM.ActiveCfg = Debug|x64
		{A251AD68-172F-4CF6-B453-DC7C91C6581A}.Debug|ARM.Build.0 = Debug|x64
		{A251AD68-172F-4CF6-B453-DC7C91C6581A}.Debug|ARM64.ActiveCfg = Debug|x64
		{A251AD68-172F-4CF6-B453-DC7C91C6581A}.Debug|ARM64.Build.0 = Debug|x64
		{A251AD68-172F-4CF6-B453-DC7C91C6581A}.Debug|Win32.ActiveCfg = Debug|Win32
		{A251AD68-172F-4CF6-B453-DC7C91C6581A}.Debug|Win32.Build.0 = Debug|Win32
		{A251AD68-172F-4CF6-B453-DC7C91C6581A}.Debug|x64.ActiveCfg = Debug|x64
		{A251AD68-172F-4CF6-B453-DC7C91C6581A}.Debug|x64.Build.0 = Debug|x64
		{A251AD68-172F-4CF6-B453-DC7C91C6581A}.Release|ARM.ActiveCfg = Release|x64
		{A251AD68-172F-4CF6-B453-DC7C91C6581A}.Release|ARM.Build.0 = Release|x64
		{A251AD68-172F-4CF6-B453-DC7C91C6581A}.Release|ARM64.ActiveCfg = Release|x64
		{A251AD68-172F-4CF6-B453-DC7C91C6581A}.Release|ARM64.Build.0 = Release|x64
		{A251AD68-172F-4CF6-B453-DC7C91C6581A}.Release|Win32.ActiveCfg = Release|Win32
		{A251AD68-172F-4CF6-B453-DC7C91C6581A}.Release|Win32.Build.0 = Release|Win32
		{A251AD68-172F-4CF6-B453-DC7C91C6581A}.Release|x64.ActiveCfg = Release|x64
		{A251AD68-172F-4CF6-B453-DC7C91C6581A}.Release|x64.Build.0 = Release|x64
	EndGlobalSection
	GlobalSection(SolutionProperties) = preSolution
		HideSolutionNode = FALSE
	EndGlobalSection
	GlobalSection(ExtensibilityGlobals) = postSolution
		SolutionGuid = {071DA2DE-6238-4F36-8BD9-04896CED9216}
	EndGlobalSection
EndGlobal
